{
  "lockfileVersion": 2,
  "configVersion": 0,
  "workspaces": {
    "": {
      "name": "bulwark-plugin-google-contacts-sync",
      "devDependencies": {
        "@biomejs/biome": "2.5.11",
        "@testing-library/react": "^16.3.3",
        "@types/react": "^19.2.18",
        "fflate": "^0.8.3",
        "happy-dom": "^20.12.0",
        "lefthook": "^2.1.12",
      },
    },
  },
  "packages": {
    "@babel/code-frame": ["@babel/code-frame@7.29.7", "", { "dependencies": { "@babel/helper-validator-identifier": "^7.29.7", "js-tokens": "^4.0.0", "picocolors": "^1.1.1" } }, "sha512-Aup7aUOfpbAUg2ROOJN6Iw5f9DMBlzu0mIkm/malLQFN/YQgO48wCj0Kxa3sEHJvPVFg7siR+qRInwXd2qhQKw=="],

    "@babel/helper-validator-identifier": ["@babel/helper-validator-identifier@7.29.7", "", {}, "sha512-qehxGkRj55h/ff8EMaJ+cYhyaKlHIxqYDn682wQD7RNp9UujOQsHog2uS0r2vzr4pW+sXf90NeeayjcNaX3fFg=="],

    "@babel/runtime": ["@babel/runtime@7.29.7", "", {}, "sha512-Nq8OhGWiZIZGV6hLHoyAKLLcJihP/xFeBMGJoUrxTX2psI8dCifzLhZISFb+VWS3wFMRDmCGw5R+dOySCqPLhw=="],

    "@biomejs/biome": ["@biomejs/biome@2.5.11", "", { "optionalDependencies": { "@biomejs/cli-darwin-arm64": "2.5.11", "@biomejs/cli-darwin-x64": "2.5.11", "@biomejs/cli-linux-arm64": "2.5.11", "@biomejs/cli-linux-arm64-musl": "2.5.11", "@biomejs/cli-linux-x64": "2.5.11", "@biomejs/cli-linux-x64-musl": "2.5.11", "@biomejs/cli-win32-arm64": "2.5.11", "@biomejs/cli-win32-x64": "2.5.11" }, "bin": { "biome": "bin/biome" } }, "sha512-Tj0dnkLPdW0ASjHfj2D/ZkkvPU2wrFmnE1jWTD2xzV1ycapV1DutbYXk4NDnR3rYTi1ZCbNFD4G2gRMEY65WaA=="],

    "@biomejs/cli-darwin-arm64": ["@biomejs/cli-darwin-arm64@2.5.11", "", { "os": "darwin", "cpu": "arm64" }, "sha512-6SGZxoKbXvUjMn1t6A98HqWISPnGNbYs0R/Rt2JarmXBSev+lva4QxUMWEBX9lX1Wo1XTJ78uk5xVDtG58SRZg=="],

    "@biomejs/cli-darwin-x64": ["@biomejs/cli-darwin-x64@2.5.11", "", { "os": "darwin", "cpu": "x64" }, "sha512-nYkXY7tLBEgnGbYapDKAyKzgt44ZEyG+AKalvTXtCWKYgepI9dw327q+cVgedxm+Udi1ZzHKUyZrIusHi/KQbw=="],

    "@biomejs/cli-linux-arm64": ["@biomejs/cli-linux-arm64@2.5.11", "", { "os": "linux", "cpu": "arm64" }, "sha512-3PVLSTD9RR73rvVPt5G3T1gc+ycggWEGfTD7RvzzbtcDPD27NxgxBbAFfpm7DXJKW6VLHWE1lLMGvFt2Qxjcow=="],

    "@biomejs/cli-linux-arm64-musl": ["@biomejs/cli-linux-arm64-musl@2.5.11", "", { "os": "linux", "cpu": "arm64" }, "sha512-qhyZUMyCbWYFV2bAwRNVvfMVZ+hv7WYl6mossGrxC+uiQQXhvsuWWU8zz6jYX0mChZd9MgQZbm4vozTmG/5iGw=="],

    "@biomejs/cli-linux-x64": ["@biomejs/cli-linux-x64@2.5.11", "", { "os": "linux", "cpu": "x64" }, "sha512-JOytptlsgM33B2MMFUg8iBrb4IKpbD5JnJrSeYiaFEeAj4vuXx0iQSQZ4qK7sqyMtfjZxxPdNdMZZVL4y/mFyA=="],

    "@biomejs/cli-linux-x64-musl": ["@biomejs/cli-linux-x64-musl@2.5.11", "", { "os": "linux", "cpu": "x64" }, "sha512-oRRlrchG5EfrEL/EmtT1qUjSNHk3/5LGeZhQqADBBAJF1b1ET6964xEKe7aGlGARzDfza8H/seEsFJl7S6Ql9w=="],

    "@biomejs/cli-win32-arm64": ["@biomejs/cli-win32-arm64@2.5.11", "", { "os": "win32", "cpu": "arm64" }, "sha512-e49E6K9hzH/ohJNx8Y26mY8HaV4I4ZViIeoqhKsmoXLKHhQnMeBAVqCgsGf2Wa3lXlS7RkporDXMHHWkzvZzFw=="],

    "@biomejs/cli-win32-x64": ["@biomejs/cli-win32-x64@2.5.11", "", { "os": "win32", "cpu": "x64" }, "sha512-QSQr/KjOgXA7OzXJUWS+oguKyAZ3Q0l/lnlDGbu397eKo83atuWUjBPJrsqbKNF6CARGw8XXJLGzpHC8Ryhd4Q=="],

    "@testing-library/dom": ["@testing-library/dom@10.4.1", "", { "dependencies": { "@babel/code-frame": "^7.10.4", "@babel/runtime": "^7.12.5", "@types/aria-query": "^5.0.1", "aria-query": "5.3.0", "dom-accessibility-api": "^0.5.9", "lz-string": "^1.5.0", "picocolors": "1.1.1", "pretty-format": "^27.0.2" } }, "sha512-o4PXJQidqJl82ckFaXUeoAW+XysPLauYI43Abki5hABd853iMhitooc6znOnczgbTYmEP6U6/y1ZyKAIsvMKGg=="],

    "@testing-library/react": ["@testing-library/react@16.3.3", "", { "dependencies": { "@babel/runtime": "^7.12.5" }, "peerDependencies": { "@testing-library/dom": "^10.0.0", "@types/react": "^18.0.0 || ^19.0.0", "@types/react-dom": "^18.0.0 || ^19.0.0", "react": "^18.0.0 || ^19.0.0", "react-dom": "^18.0.0 || ^19.0.0" }, "optionalPeers": ["@types/react", "@types/react-dom"] }, "sha512-Uo193NgQbPMz6lrrhtRQQFcMC6Re/ELLFbbuVL30WDlZxlpZf9/lMHTAVxPRLw1q1iu9OJmR1c2BLiENRstdBg=="],

    "@types/aria-query": ["@types/aria-query@5.0.4", "", {}, "sha512-rfT93uj5s0PRL7EzccGMs3brplhcrghnDoV26NqKhCAS1hVo+WdNsPvE/yb6ilfr5hi2MEk6d5EWJTKdxg8jVw=="],

    "@types/node": ["@types/node@26.4.0", "", { "dependencies": { "undici-types": "~8.3.0" } }, "sha512-faiGnoIrLH/V8cibOMEAZ8pMw6oXqSukl29ra4mN8GdaB2ZewzeaLj+INpV5N+Z1eKWzY+IzaIZH2EIR6YZRNQ=="],

    "@types/react": ["@types/react@19.2.18", "", { "dependencies": { "csstype": "^3.2.2" } }, "sha512-AnzbBERsrLKtk2XSfTbYRLjQPdy116Sty4q+T+Bp3IC4l6jNBvreVPAHmpq9qhXQM7CXZPjLVmGMw9sy+hxQ3w=="],

    "@types/whatwg-mimetype": ["@types/whatwg-mimetype@3.0.2", "", {}, "sha512-c2AKvDT8ToxLIOUlN51gTiHXflsfIFisS4pO7pDPoKouJCESkhZnEy623gwP9laCy5lnLDAw1vAzu2vM2YLOrA=="],

    "@types/ws": ["@types/ws@8.18.1", "", { "dependencies": { "@types/node": "*" } }, "sha512-ThVF6DCVhA8kUGy+aazFQ4kXQ7E1Ty7A3ypFOe0IcJV8O/M511G99AW24irKrW56Wt44yG9+ij8FaqoBGkuBXg=="],

    "ansi-regex": ["ansi-regex@5.0.1", "", {}, "sha512-quJQXlTSUGL2LH9SUXo8VwsY4soanhgo6LNSm84E1LBcE8s3O0wpdiRzyR9z/ZZJMlMWv37qOOb9pdJlMUEKFQ=="],

    "ansi-styles": ["ansi-styles@5.2.0", "", {}, "sha512-Cxwpt2SfTzTtXcfOlzGEee8O+c+MmUgGrNiBcXnuWxuFJHe6a5Hz7qwhwe5OgaSYI0IJvkLqWX1ASG+cJOkEiA=="],

    "aria-query": ["aria-query@5.3.0", "", { "dependencies": { "dequal": "^2.0.3" } }, "sha512-b0P0sZPKtyu8HkeRAfCq0IfURZK+SuwMjY1UXGBU27wpAiTwQAIlq56IbIO+ytk/JjS1fMR14ee5WBBfKi5J6A=="],

    "buffer-image-size": ["buffer-image-size@0.6.4", "", { "dependencies": { "@types/node": "*" } }, "sha512-nEh+kZOPY1w+gcCMobZ6ETUp9WfibndnosbpwB1iJk/8Gt5ZF2bhS6+B6bPYz424KtwsR6Rflc3tCz1/ghX2dQ=="],

    "csstype": ["csstype@3.2.3", "", {}, "sha512-z1HGKcYy2xA8AGQfwrn0PAy+PB7X/GSj3UVJW9qKyn43xWa+gl5nXmU4qqLMRzWVLFC8KusUX8T/0kCiOYpAIQ=="],

    "dequal": ["dequal@2.0.3", "", {}, "sha512-0je+qPKHEMohvfRTCEo3CrPG6cAzAYgmzKyxRiYSSDkS6eGJdyVJm7WaYA5ECaAD9wLB2T4EEeymA5aFVcYXCA=="],

    "dom-accessibility-api": ["dom-accessibility-api@0.5.16", "", {}, "sha512-X7BJ2yElsnOJ30pZF4uIIDfBEVgF4XEBxL9Bxhy6dnrm5hkzqmsWHGTiHqRiITNhMyFLyAiWndIJP7Z1NTteDg=="],

    "entities": ["entities@7.0.1", "", {}, "sha512-TWrgLOFUQTH994YUyl1yT4uyavY5nNB5muff+RtWaqNVCAK408b5ZnnbNAUEWLTCpum9w6arT70i1XdQ4UeOPA=="],

    "fflate": ["fflate@0.8.3", "", {}, "sha512-tbZNuJrLwGUp3zshBtdy4W+ORxZuIh8a5ilyIEQDC5rY1f3U20JMry0Ll3WBzU58EZKsEuJFXhb5gwv8CsPvgA=="],

    "happy-dom": ["happy-dom@20.12.0", "", { "dependencies": { "@types/node": ">=20.0.0", "@types/whatwg-mimetype": "^3.0.2", "@types/ws": "^8.18.1", "buffer-image-size": "^0.6.4", "entities": "^7.0.1", "whatwg-mimetype": "^3.0.0", "ws": "^8.21.0" } }, "sha512-7uMYJu2SEwwL8vVcKp0C0lnt6d2LSGGe+T+oY79PiCJNNSgFpbxW8n5KuzpDQvrU4mt+fYiK1+Jy7Z2v39YR6g=="],

    "js-tokens": ["js-tokens@4.0.0", "", {}, "sha512-RdJUflcE3cUzKiMqQgsCu06FPu9UdIJO0beYbPhHN4k6apgJtifcoCtT9bcxOpYBtpD2kCM6Sbzg4CausW/PKQ=="],

    "lefthook": ["lefthook@2.1.12", "", { "optionalDependencies": { "lefthook-darwin-arm64": "2.1.12", "lefthook-darwin-x64": "2.1.12", "lefthook-freebsd-arm64": "2.1.12", "lefthook-freebsd-x64": "2.1.12", "lefthook-linux-arm64": "2.1.12", "lefthook-linux-x64": "2.1.12", "lefthook-openbsd-arm64": "2.1.12", "lefthook-openbsd-x64": "2.1.12", "lefthook-windows-arm64": "2.1.12", "lefthook-windows-x64": "2.1.12" }, "bin": { "lefthook": "bin/index.js" } }, "sha512-2uOexfsrrRhCiTUWdGyDySxVHHhOFJ8MQejs27dM3hugrQB48/z1ZVlaNoxpZ1SnzQ1GaDIbO5rAvicwyiknYQ=="],

    "lefthook-darwin-arm64": ["lefthook-darwin-arm64@2.1.12", "", { "os": "darwin", "cpu": "arm64" }, "sha512-GSUjqaCuxAYlPOovbjXEWE3HAIa/xOQkTTmZ937zieQldjPLTaC7+s5FHoxKywn+D9riBlofkDqG7Z4f5zzmPA=="],

    "lefthook-darwin-x64": ["lefthook-darwin-x64@2.1.12", "", { "os": "darwin", "cpu": "x64" }, "sha512-qAUHSSw/7Afi5wxkoLkxORxSicCeTBXyVLnRgD6YZra6udviozpK3Aok9Z6FIWeKc5FBijRMSNDxGPTREhsjcQ=="],

    "lefthook-freebsd-arm64": ["lefthook-freebsd-arm64@2.1.12", "", { "os": "freebsd", "cpu": "arm64" }, "sha512-FHZRfKliFNbyz54zsoGdVe9muq67cNjBTZ6jrPPUjI7xUuyCwSpzA+1OpiwJT00L9pP5ZGONBqnGZKnrpC+7Uw=="],

    "lefthook-freebsd-x64": ["lefthook-freebsd-x64@2.1.12", "", { "os": "freebsd", "cpu": "x64" }, "sha512-HYQZPGy2DDEx7dbuotusJpujY5q9igOLgx36qeeQcNQuvvdGHPj2ZGSIsGKhoJ0dw5Qa4knKJoPAHEZQWdV/og=="],

    "lefthook-linux-arm64": ["lefthook-linux-arm64@2.1.12", "", { "os": "linux", "cpu": "arm64" }, "sha512-ipjOri2PB/sk4noPrHQuM5fcpNBjmlKo4qMtXyLnxeOxGYHWZzf0Xi0OtrXHQ//tOprcv40ADvhUuSdcGqigLw=="],

    "lefthook-linux-x64": ["lefthook-linux-x64@2.1.12", "", { "os": "linux", "cpu": "x64" }, "sha512-DmU6xfvqVoFdW+STyc70YI4Ry8vkHGKHx+IJ1Js/Gacq5dv+fiwNzwle3bi28EkL6P8xY67B/CfQfRj4SRU4tg=="],

    "lefthook-openbsd-arm64": ["lefthook-openbsd-arm64@2.1.12", "", { "os": "openbsd", "cpu": "arm64" }, "sha512-vb0J7bElLvoaCWQmna3HntsvoNqMsGAhfjjC99ss1OdCteufZKM3RxCVoMBEbD50Itv2c1Ua2AFVToltVFTy1Q=="],

    "lefthook-openbsd-x64": ["lefthook-openbsd-x64@2.1.12", "", { "os": "openbsd", "cpu": "x64" }, "sha512-QOmhDWqPPK4+99scanfEmbJjUR+JYC93qhr/0bp5Dj3LaR3kVFNWc6zOQUsOTPy/LC6PG759Lej/mr/BtjUL2Q=="],

    "lefthook-windows-arm64": ["lefthook-windows-arm64@2.1.12", "", { "os": "win32", "cpu": "arm64" }, "sha512-eErEyr9AHkRFj6TxpCQeKGd0s6IrtL/VEIZ/ssg8dNfG+ycR4jAW/IAlrJSw6/ZQXb3WtWLaQ6QA5c+TLh7vmg=="],

    "lefthook-windows-x64": ["lefthook-windows-x64@2.1.12", "", { "os": "win32", "cpu": "x64" }, "sha512-0h+WmDVdDriTjloD/UbjPq/ZtqaaJlPAdGcVwMCEdAxfbF0FTgDbKX3igui9g2U/qG2y6QpVhtz1jeiRe7ctaw=="],

    "lz-string": ["lz-string@1.5.0", "", { "bin": "bin/bin.js" }, "sha512-h5bgJWpxJNswbU7qCrV0tIKQCaS3blPDrqKWx+QxzuzL1zGUzij9XCWLrSLsJPu5t+eWA/ycetzYAO5IOMcWAQ=="],

    "picocolors": ["picocolors@1.1.1", "", {}, "sha512-xceH2snhtb5M9liqDsmEw56le376mTZkEX/jEb/RxNFyegNul7eNslCXP9FDj/Lcu0X8KEyMceP2ntpaHrDEVA=="],

    "pretty-format": ["pretty-format@27.5.1", "", { "dependencies": { "ansi-regex": "^5.0.1", "ansi-styles": "^5.0.0", "react-is": "^17.0.1" } }, "sha512-Qb1gy5OrP5+zDf2Bvnzdl3jsTf1qXVMazbvCoKhtKqVs4/YK4ozX4gKQJJVyNe+cajNPn0KoC0MC3FUmaHWEmQ=="],

    "react": ["react@19.2.8", "", {}, "sha512-PWaYA1L/q9u2u7xYQi+Y3L3Yfnie7XyLeaJICV1MGD6LprsBxcAqGjYyr0eY3p+QdsA+x/Irkt4Qif8D63+Sbw=="],

    "react-dom": ["react-dom@19.2.8", "", { "dependencies": { "scheduler": "^0.27.0" }, "peerDependencies": { "react": "^19.2.8" } }, "sha512-rVprimfGBG3DR+Tq0IQG2DT5PxKth1WIGDmj5yPmlzr4YBe7uyE+Du4oVqTDXZSHGGGXRtTJEGSSePyQCMBglQ=="],

    "react-is": ["react-is@17.0.2", "", {}, "sha512-w2GsyukL62IJnlaff/nRegPQR94C/XXamvMWmSHRJ4y7Ts/4ocGRmTHvOs8PSE6pB3dWOrD/nueuU5sduBsQ4w=="],

    "scheduler": ["scheduler@0.27.0", "", {}, "sha512-eNv+WrVbKu1f3vbYJT/xtiF5syA5HPIMtf9IgY/nKg0sWqzAUEvqY/xm7OcZc/qafLx/iO9FgOmeSAp4v5ti/Q=="],

    "undici-types": ["undici-types@8.3.0", "", {}, "sha512-j375ScV60dom+YkPFIfTLcOiPxkN/buHz5GobjLhixFuANaNs3C9l4GmrWqejgXWJ7BbJcFYpTEUkS1Ge8bpZQ=="],

    "whatwg-mimetype": ["whatwg-mimetype@3.0.0", "", {}, "sha512-nt+N2dzIutVRxARx1nghPKGv1xHikU7HKdfafKkLNLindmPU/ch3U31NOCGGA/dmPcmb1VlofO0vnKAcsm0o/Q=="],

    "ws": ["ws@8.21.3", "", { "peerDependencies": { "bufferutil": "^4.0.1", "utf-8-validate": ">=5.0.2" }, "optionalPeers": ["bufferutil", "utf-8-validate"] }, "sha512-201TZ/kPWxoPr/OKWjquZR1SWKXcvxdH+e1xrx89b3YbmzLMFCLfnaG1HFIgWzJOEWZ7MvpK++odZufgYR50Rw=="],
  }
}
